
Microsoft Visual Studio Solution File, Format Version 12.00
# Visual Studio Version 16
VisualStudioVersion = 16.0.29306.81
MinimumVisualStudioVersion = 10.0.40219.1
Project("{FAE04EC0-301F-11D3-BF4B-00C04F79EFBC}") = "YMApi", "YMApi\YMApi.csproj", "{8290F584-54DE-4292-84E6-25073E9C29C4}"
EndProject
Project("{FAE04EC0-301F-11D3-BF4B-00C04F79EFBC}") = "MqttBroker", "MqttBroker\MqttBroker.csproj", "{B106DA3A-5E01-440A-A04D-405A2DDB3D02}"
EndProject
Global
	GlobalSection(SolutionConfigurationPlatforms) = preSolution
		Debug|Any CPU = Debug|Any CPU
		Release|Any CPU = Release|Any CPU
	EndGlobalSection
	GlobalSection(ProjectConfigurationPlatforms) = postSolution
		{8290F584-54DE-4292-84E6-25073E9C29C4}.Debug|Any CPU.ActiveCfg = Debug|Any CPU
		{8290F584-54DE-4292-84E6-25073E9C29C4}.Debug|Any CPU.Build.0 = Debug|Any CPU
		{8290F584-54DE-4292-84E6-25073E9C29C4}.Release|Any CPU.ActiveCfg = Release|Any CPU
		{8290F584-54DE-4292-84E6-25073E9C29C4}.Release|Any CPU.Build.0 = Release|Any CPU
		{B106DA3A-5E01-440A-A04D-405A2DDB3D02}.Debug|Any CPU.ActiveCfg = Debug|Any CPU
		{B106DA3A-5E01-440A-A04D-405A2DDB3D02}.Debug|Any CPU.Build.0 = Debug|Any CPU
		{B106DA3A-5E01-440A-A04D-405A2DDB3D02}.Release|Any CPU.ActiveCfg = Release|Any CPU
		{B106DA3A-5E01-440A-A04D-405A2DDB3D02}.Release|Any CPU.Build.0 = Release|Any CPU
	EndGlobalSection
	GlobalSection(SolutionProperties) = preSolution
		HideSolutionNode = FALSE
	EndGlobalSection
	GlobalSection(ExtensibilityGlobals) = postSolution
		SolutionGuid = {D9641434-4AC2-4BAE-BFFE-68D0F5E8432A}
	EndGlobalSection
EndGlobal
